// !$*UTF8*$!
{
	archiveVersion = 1;
	classes = {
	};
	objectVersion = 46;
	objects = {

/* Begin PBXBuildFile section */
		1C93C1351AB0F65D0004FCEF /* Observable-Swift.podspec.json in Resources */ = {isa = PBXBuildFile; fileRef = 1C93C1341AB0F65D0004FCEF /* Observable-Swift.podspec.json */; };
		65263AA31954BC5000B39269 /* Observable.h in Headers */ = {isa = PBXBuildFile; fileRef = 65263AA21954BC5000B39269 /* Observable.h */; settings = {ATTRIBUTES = (Public, ); }; };
		65263AB01954BC5000B39269 /* ObservableTests.swift in Sources */ = {isa = PBXBuildFile; fileRef = 65263AAF1954BC5000B39269 /* ObservableTests.swift */; };
		65263ABA1954BC9F00B39269 /* Observable.swift in Sources */ = {isa = PBXBuildFile; fileRef = 65263AB91954BC9F00B39269 /* Observable.swift */; };
		65263AC01954BD7400B39269 /* TupleObservable.swift in Sources */ = {isa = PBXBuildFile; fileRef = 65263ABF1954BD7400B39269 /* TupleObservable.swift */; };
		65263AC21954EBD600B39269 /* Protocols.swift in Sources */ = {isa = PBXBuildFile; fileRef = 65263AC11954EBD600B39269 /* Protocols.swift */; };
		65263AC41955004A00B39269 /* ObservableReference.swift in Sources */ = {isa = PBXBuildFile; fileRef = 65263AC31955004A00B39269 /* ObservableReference.swift */; };
		65263AC61955D7AF00B39269 /* Event.swift in Sources */ = {isa = PBXBuildFile; fileRef = 65263AC51955D7AE00B39269 /* Event.swift */; };
		65263AC81955D83200B39269 /* EventSubscription.swift in Sources */ = {isa = PBXBuildFile; fileRef = 65263AC71955D83200B39269 /* EventSubscription.swift */; };
		6592C3251957545C00BA8CB7 /* Protocols.swift in Sources */ = {isa = PBXBuildFile; fileRef = 65263AC11954EBD600B39269 /* Protocols.swift */; };
		6592C3261957545C00BA8CB7 /* Event.swift in Sources */ = {isa = PBXBuildFile; fileRef = 65263AC51955D7AE00B39269 /* Event.swift */; };
		6592C3271957545C00BA8CB7 /* EventSubscription.swift in Sources */ = {isa = PBXBuildFile; fileRef = 65263AC71955D83200B39269 /* EventSubscription.swift */; };
		6592C3281957545C00BA8CB7 /* Observable.swift in Sources */ = {isa = PBXBuildFile; fileRef = 65263AB91954BC9F00B39269 /* Observable.swift */; };
		6592C3291957545C00BA8CB7 /* ObservableReference.swift in Sources */ = {isa = PBXBuildFile; fileRef = 65263AC31955004A00B39269 /* ObservableReference.swift */; };
		6592C32A1957545C00BA8CB7 /* TupleObservable.swift in Sources */ = {isa = PBXBuildFile; fileRef = 65263ABF1954BD7400B39269 /* TupleObservable.swift */; };
		6592C32B1957546100BA8CB7 /* Observable.h in Headers */ = {isa = PBXBuildFile; fileRef = 65263AA21954BC5000B39269 /* Observable.h */; settings = {ATTRIBUTES = (Public, ); }; };
		6592C3331957565F00BA8CB7 /* ObservableTests.swift in Sources */ = {isa = PBXBuildFile; fileRef = 65263AAF1954BC5000B39269 /* ObservableTests.swift */; };
		65A18B951958C180008E0B44 /* EventReference.swift in Sources */ = {isa = PBXBuildFile; fileRef = 65A18B941958C180008E0B44 /* EventReference.swift */; };
		65A18B961958C180008E0B44 /* EventReference.swift in Sources */ = {isa = PBXBuildFile; fileRef = 65A18B941958C180008E0B44 /* EventReference.swift */; };
		65A18B971958D21A008E0B44 /* ObservableChainingProxy.swift in Sources */ = {isa = PBXBuildFile; fileRef = 65E7DC711957919100CFB99C /* ObservableChainingProxy.swift */; };
		65A18B981958D21B008E0B44 /* ObservableChainingProxy.swift in Sources */ = {isa = PBXBuildFile; fileRef = 65E7DC711957919100CFB99C /* ObservableChainingProxy.swift */; };
		65D5366A195F711E003B5DA5 /* OwningEventReference.swift in Sources */ = {isa = PBXBuildFile; fileRef = 65D53669195F711E003B5DA5 /* OwningEventReference.swift */; };
		65D5366B195F711E003B5DA5 /* OwningEventReference.swift in Sources */ = {isa = PBXBuildFile; fileRef = 65D53669195F711E003B5DA5 /* OwningEventReference.swift */; };
		65E6A4341958EB8000FBCFA7 /* ObservableProxy.swift in Sources */ = {isa = PBXBuildFile; fileRef = 65E6A4331958EB8000FBCFA7 /* ObservableProxy.swift */; };
		65E6A4351958EB8000FBCFA7 /* ObservableProxy.swift in Sources */ = {isa = PBXBuildFile; fileRef = 65E6A4331958EB8000FBCFA7 /* ObservableProxy.swift */; };
/* End PBXBuildFile section */

/* Begin PBXContainerItemProxy section */
		6592C3151957532200BA8CB7 /* PBXContainerItemProxy */ = {
			isa = PBXContainerItemProxy;
			containerPortal = 65263A941954BC5000B39269 /* Project object */;
			proxyType = 1;
			remoteGlobalIDString = 6592C2FB1957532100BA8CB7;
			remoteInfo = "Observable-iOS";
		};
		6592C3171957532200BA8CB7 /* PBXContainerItemProxy */ = {
			isa = PBXContainerItemProxy;
			containerPortal = 65263A941954BC5000B39269 /* Project object */;
			proxyType = 1;
			remoteGlobalIDString = 6592C2FB1957532100BA8CB7;
			remoteInfo = "Observable-iOS";
		};
		6592C3191957532300BA8CB7 /* PBXContainerItemProxy */ = {
			isa = PBXContainerItemProxy;
			containerPortal = 65263A941954BC5000B39269 /* Project object */;
			proxyType = 1;
			remoteGlobalIDString = 6592C2FB1957532100BA8CB7;
			remoteInfo = "Observable-iOS";
		};
		6592C31B1957532300BA8CB7 /* PBXContainerItemProxy */ = {
			isa = PBXContainerItemProxy;
			containerPortal = 65263A941954BC5000B39269 /* Project object */;
			proxyType = 1;
			remoteGlobalIDString = 6592C2FB1957532100BA8CB7;
			remoteInfo = "Observable-iOS";
		};
		6592C31F195753CF00BA8CB7 /* PBXContainerItemProxy */ = {
			isa = PBXContainerItemProxy;
			containerPortal = 65263A941954BC5000B39269 /* Project object */;
			proxyType = 1;
			remoteGlobalIDString = 6592C2FB1957532100BA8CB7;
			remoteInfo = "Observable-iOS";
		};
		6592C3211957541900BA8CB7 /* PBXContainerItemProxy */ = {
			isa = PBXContainerItemProxy;
			containerPortal = 65263A941954BC5000B39269 /* Project object */;
			proxyType = 1;
			remoteGlobalIDString = 65263A9C1954BC5000B39269;
			remoteInfo = Observable;
		};
		6592C3231957541D00BA8CB7 /* PBXContainerItemProxy */ = {
			isa = PBXContainerItemProxy;
			containerPortal = 65263A941954BC5000B39269 /* Project object */;
			proxyType = 1;
			remoteGlobalIDString = 6592C2FB1957532100BA8CB7;
			remoteInfo = "Observable-iOS";
		};
		6592C334195756C200BA8CB7 /* PBXContainerItemProxy */ = {
			isa = PBXContainerItemProxy;
			containerPortal = 65263A941954BC5000B39269 /* Project object */;
			proxyType = 1;
			remoteGlobalIDString = 65263A9C1954BC5000B39269;
			remoteInfo = Observable;
		};
		6592C336195756C200BA8CB7 /* PBXContainerItemProxy */ = {
			isa = PBXContainerItemProxy;
			containerPortal = 65263A941954BC5000B39269 /* Project object */;
			proxyType = 1;
			remoteGlobalIDString = 65263A9C1954BC5000B39269;
			remoteInfo = Observable;
		};
		65E7DC651957878A00CFB99C /* PBXContainerItemProxy */ = {
			isa = PBXContainerItemProxy;
			containerPortal = 65263A941954BC5000B39269 /* Project object */;
			proxyType = 1;
			remoteGlobalIDString = 65263A9C1954BC5000B39269;
			remoteInfo = Observable;
		};
		65E7DC671957878C00CFB99C /* PBXContainerItemProxy */ = {
			isa = PBXContainerItemProxy;
			containerPortal = 65263A941954BC5000B39269 /* Project object */;
			proxyType = 1;
			remoteGlobalIDString = 65263A9C1954BC5000B39269;
			remoteInfo = Observable;
		};
		65E7DC691957879500CFB99C /* PBXContainerItemProxy */ = {
			isa = PBXContainerItemProxy;
			containerPortal = 65263A941954BC5000B39269 /* Project object */;
			proxyType = 1;
			remoteGlobalIDString = 6592C2FB1957532100BA8CB7;
			remoteInfo = "Observable-iOS";
		};
/* End PBXContainerItemProxy section */

/* Begin PBXFileReference section */
		1C93C1341AB0F65D0004FCEF /* Observable-Swift.podspec.json */ = {isa = PBXFileReference; fileEncoding = 4; lastKnownFileType = text.json; path = "Observable-Swift.podspec.json"; sourceTree = "<group>"; };
		65263A9D1954BC5000B39269 /* Observable.framework */ = {isa = PBXFileReference; explicitFileType = wrapper.framework; includeInIndex = 0; path = Observable.framework; sourceTree = BUILT_PRODUCTS_DIR; };
		65263AA11954BC5000B39269 /* Info.plist */ = {isa = PBXFileReference; lastKnownFileType = text.plist.xml; path = Info.plist; sourceTree = "<group>"; };
		65263AA21954BC5000B39269 /* Observable.h */ = {isa = PBXFileReference; lastKnownFileType = sourcecode.c.h; path = Observable.h; sourceTree = "<group>"; };
		65263AA81954BC5000B39269 /* Observable Tests.xctest */ = {isa = PBXFileReference; explicitFileType = wrapper.cfbundle; includeInIndex = 0; path = "Observable Tests.xctest"; sourceTree = BUILT_PRODUCTS_DIR; };
		65263AAE1954BC5000B39269 /* Info.plist */ = {isa = PBXFileReference; lastKnownFileType = text.plist.xml; path = Info.plist; sourceTree = "<group>"; };
		65263AAF1954BC5000B39269 /* ObservableTests.swift */ = {isa = PBXFileReference; lastKnownFileType = sourcecode.swift; lineEnding = 0; path = ObservableTests.swift; sourceTree = "<group>"; xcLanguageSpecificationIdentifier = xcode.lang.swift; };
		65263AB91954BC9F00B39269 /* Observable.swift */ = {isa = PBXFileReference; fileEncoding = 4; lastKnownFileType = sourcecode.swift; path = Observable.swift; sourceTree = "<group>"; };
		65263ABF1954BD7400B39269 /* TupleObservable.swift */ = {isa = PBXFileReference; fileEncoding = 4; lastKnownFileType = sourcecode.swift; path = TupleObservable.swift; sourceTree = "<group>"; };
		65263AC11954EBD600B39269 /* Protocols.swift */ = {isa = PBXFileReference; fileEncoding = 4; lastKnownFileType = sourcecode.swift; path = Protocols.swift; sourceTree = "<group>"; };
		65263AC31955004A00B39269 /* ObservableReference.swift */ = {isa = PBXFileReference; fileEncoding = 4; lastKnownFileType = sourcecode.swift; path = ObservableReference.swift; sourceTree = "<group>"; };
		65263AC51955D7AE00B39269 /* Event.swift */ = {isa = PBXFileReference; fileEncoding = 4; lastKnownFileType = sourcecode.swift; path = Event.swift; sourceTree = "<group>"; };
		65263AC71955D83200B39269 /* EventSubscription.swift */ = {isa = PBXFileReference; fileEncoding = 4; lastKnownFileType = sourcecode.swift; path = EventSubscription.swift; sourceTree = "<group>"; };
		6592C2FC1957532100BA8CB7 /* Observable.framework */ = {isa = PBXFileReference; explicitFileType = wrapper.framework; includeInIndex = 0; path = Observable.framework; sourceTree = BUILT_PRODUCTS_DIR; };
		6592C3061957532100BA8CB7 /* Observable-iOS Tests.xctest */ = {isa = PBXFileReference; explicitFileType = wrapper.cfbundle; includeInIndex = 0; path = "Observable-iOS Tests.xctest"; sourceTree = BUILT_PRODUCTS_DIR; };
		65A18B941958C180008E0B44 /* EventReference.swift */ = {isa = PBXFileReference; fileEncoding = 4; lastKnownFileType = sourcecode.swift; path = EventReference.swift; sourceTree = "<group>"; };
		65D53669195F711E003B5DA5 /* OwningEventReference.swift */ = {isa = PBXFileReference; fileEncoding = 4; lastKnownFileType = sourcecode.swift; path = OwningEventReference.swift; sourceTree = "<group>"; };
		65E6A4331958EB8000FBCFA7 /* ObservableProxy.swift */ = {isa = PBXFileReference; fileEncoding = 4; lastKnownFileType = sourcecode.swift; path = ObservableProxy.swift; sourceTree = "<group>"; };
		65E7DC711957919100CFB99C /* ObservableChainingProxy.swift */ = {isa = PBXFileReference; fileEncoding = 4; lastKnownFileType = sourcecode.swift; path = ObservableChainingProxy.swift; sourceTree = "<group>"; };
/* End PBXFileReference section */

/* Begin PBXFrameworksBuildPhase section */
		65263A991954BC5000B39269 /* Frameworks */ = {
			isa = PBXFrameworksBuildPhase;
			buildActionMask = 2147483647;
			files = (
			);
			runOnlyForDeploymentPostprocessing = 0;
		};
		65263AA51954BC5000B39269 /* Frameworks */ = {
			isa = PBXFrameworksBuildPhase;
			buildActionMask = 2147483647;
			files = (
			);
			runOnlyForDeploymentPostprocessing = 0;
		};
		6592C2F81957532100BA8CB7 /* Frameworks */ = {
			isa = PBXFrameworksBuildPhase;
			buildActionMask = 2147483647;
			files = (
			);
			runOnlyForDeploymentPostprocessing = 0;
		};
		6592C3031957532100BA8CB7 /* Frameworks */ = {
			isa = PBXFrameworksBuildPhase;
			buildActionMask = 2147483647;
			files = (
			);
			runOnlyForDeploymentPostprocessing = 0;
		};
/* End PBXFrameworksBuildPhase section */

/* Begin PBXGroup section */
		65263A931954BC5000B39269 = {
			isa = PBXGroup;
			children = (
				1C93C1341AB0F65D0004FCEF /* Observable-Swift.podspec.json */,
				65263A9F1954BC5000B39269 /* Observable */,
				65263AAC1954BC5000B39269 /* ObservableTests */,
				65263A9E1954BC5000B39269 /* Products */,
			);
			sourceTree = "<group>";
		};
		65263A9E1954BC5000B39269 /* Products */ = {
			isa = PBXGroup;
			children = (
				65263A9D1954BC5000B39269 /* Observable.framework */,
				65263AA81954BC5000B39269 /* Observable Tests.xctest */,
				6592C2FC1957532100BA8CB7 /* Observable.framework */,
				6592C3061957532100BA8CB7 /* Observable-iOS Tests.xctest */,
			);
			name = Products;
			sourceTree = "<group>";
		};
		65263A9F1954BC5000B39269 /* Observable */ = {
			isa = PBXGroup;
			children = (
				65263AC11954EBD600B39269 /* Protocols.swift */,
				65263AC51955D7AE00B39269 /* Event.swift */,
				65A18B941958C180008E0B44 /* EventReference.swift */,
				65263AC71955D83200B39269 /* EventSubscription.swift */,
				65263AB91954BC9F00B39269 /* Observable.swift */,
				65E6A4331958EB8000FBCFA7 /* ObservableProxy.swift */,
				65263AC31955004A00B39269 /* ObservableReference.swift */,
				65E7DC711957919100CFB99C /* ObservableChainingProxy.swift */,
				65D53669195F711E003B5DA5 /* OwningEventReference.swift */,
				65263ABF1954BD7400B39269 /* TupleObservable.swift */,
				65263AA21954BC5000B39269 /* Observable.h */,
				65263AA01954BC5000B39269 /* Supporting Files */,
			);
			name = Observable;
			path = "Observable-Swift";
			sourceTree = "<group>";
		};
		65263AA01954BC5000B39269 /* Supporting Files */ = {
			isa = PBXGroup;
			children = (
				65263AA11954BC5000B39269 /* Info.plist */,
			);
			name = "Supporting Files";
			sourceTree = "<group>";
		};
		65263AAC1954BC5000B39269 /* ObservableTests */ = {
			isa = PBXGroup;
			children = (
				65263AAF1954BC5000B39269 /* ObservableTests.swift */,
				65263AAD1954BC5000B39269 /* Supporting Files */,
			);
			name = ObservableTests;
			path = "Observable-SwiftTests";
			sourceTree = "<group>";
		};
		65263AAD1954BC5000B39269 /* Supporting Files */ = {
			isa = PBXGroup;
			children = (
				65263AAE1954BC5000B39269 /* Info.plist */,
			);
			name = "Supporting Files";
			sourceTree = "<group>";
		};
/* End PBXGroup section */

/* Begin PBXHeadersBuildPhase section */
		65263A9A1954BC5000B39269 /* Headers */ = {
			isa = PBXHeadersBuildPhase;
			buildActionMask = 2147483647;
			files = (
				65263AA31954BC5000B39269 /* Observable.h in Headers */,
			);
			runOnlyForDeploymentPostprocessing = 0;
		};
		6592C2F91957532100BA8CB7 /* Headers */ = {
			isa = PBXHeadersBuildPhase;
			buildActionMask = 2147483647;
			files = (
				6592C32B1957546100BA8CB7 /* Observable.h in Headers */,
			);
			runOnlyForDeploymentPostprocessing = 0;
		};
/* End PBXHeadersBuildPhase section */

/* Begin PBXNativeTarget section */
		65263A9C1954BC5000B39269 /* Observable */ = {
			isa = PBXNativeTarget;
			buildConfigurationList = 65263AB31954BC5000B39269 /* Build configuration list for PBXNativeTarget "Observable" */;
			buildPhases = (
				65263A981954BC5000B39269 /* Sources */,
				65263A991954BC5000B39269 /* Frameworks */,
				65263A9A1954BC5000B39269 /* Headers */,
				65263A9B1954BC5000B39269 /* Resources */,
			);
			buildRules = (
			);
			dependencies = (
			);
			name = Observable;
			productName = "Observable-Swift";
			productReference = 65263A9D1954BC5000B39269 /* Observable.framework */;
			productType = "com.apple.product-type.framework";
		};
		65263AA71954BC5000B39269 /* Observable Tests */ = {
			isa = PBXNativeTarget;
			buildConfigurationList = 65263AB61954BC5000B39269 /* Build configuration list for PBXNativeTarget "Observable Tests" */;
			buildPhases = (
				65263AA41954BC5000B39269 /* Sources */,
				65263AA51954BC5000B39269 /* Frameworks */,
				65263AA61954BC5000B39269 /* Resources */,
			);
			buildRules = (
			);
			dependencies = (
				6592C3221957541900BA8CB7 /* PBXTargetDependency */,
				6592C335195756C200BA8CB7 /* PBXTargetDependency */,
				6592C337195756C200BA8CB7 /* PBXTargetDependency */,
				65E7DC661957878A00CFB99C /* PBXTargetDependency */,
				65E7DC681957878C00CFB99C /* PBXTargetDependency */,
			);
			name = "Observable Tests";
			productName = "Observable-SwiftTests";
			productReference = 65263AA81954BC5000B39269 /* Observable Tests.xctest */;
			productType = "com.apple.product-type.bundle.unit-test";
		};
		6592C2FB1957532100BA8CB7 /* Observable-iOS */ = {
			isa = PBXNativeTarget;
			buildConfigurationList = 6592C3131957532100BA8CB7 /* Build configuration list for PBXNativeTarget "Observable-iOS" */;
			buildPhases = (
				6592C2F71957532100BA8CB7 /* Sources */,
				6592C2F81957532100BA8CB7 /* Frameworks */,
				6592C2F91957532100BA8CB7 /* Headers */,
				6592C2FA1957532100BA8CB7 /* Resources */,
			);
			buildRules = (
			);
			dependencies = (
			);
			name = "Observable-iOS";
			productName = "Observable-iOS";
			productReference = 6592C2FC1957532100BA8CB7 /* Observable.framework */;
			productType = "com.apple.product-type.framework";
		};
		6592C3051957532100BA8CB7 /* Observable-iOS Tests */ = {
			isa = PBXNativeTarget;
			buildConfigurationList = 6592C3141957532100BA8CB7 /* Build configuration list for PBXNativeTarget "Observable-iOS Tests" */;
			buildPhases = (
				6592C3021957532100BA8CB7 /* Sources */,
				6592C3031957532100BA8CB7 /* Frameworks */,
				6592C3041957532100BA8CB7 /* Resources */,
			);
			buildRules = (
			);
			dependencies = (
				6592C3161957532200BA8CB7 /* PBXTargetDependency */,
				6592C3181957532200BA8CB7 /* PBXTargetDependency */,
				6592C31A1957532300BA8CB7 /* PBXTargetDependency */,
				6592C31C1957532300BA8CB7 /* PBXTargetDependency */,
				6592C320195753CF00BA8CB7 /* PBXTargetDependency */,
				6592C3241957541D00BA8CB7 /* PBXTargetDependency */,
				65E7DC6A1957879500CFB99C /* PBXTargetDependency */,
			);
			name = "Observable-iOS Tests";
			productName = "Observable-iOSTests";
			productReference = 6592C3061957532100BA8CB7 /* Observable-iOS Tests.xctest */;
			productType = "com.apple.product-type.bundle.unit-test";
		};
/* End PBXNativeTarget section */

/* Begin PBXProject section */
		65263A941954BC5000B39269 /* Project object */ = {
			isa = PBXProject;
			attributes = {
				LastSwiftUpdateCheck = 0700;
				LastUpgradeCheck = 0700;
				ORGANIZATIONNAME = "Leszek Ślażyński";
				TargetAttributes = {
					65263A9C1954BC5000B39269 = {
						CreatedOnToolsVersion = 6.0;
					};
					65263AA71954BC5000B39269 = {
						CreatedOnToolsVersion = 6.0;
						TestTargetID = 65263A9C1954BC5000B39269;
					};
					6592C2FB1957532100BA8CB7 = {
						CreatedOnToolsVersion = 6.0;
					};
					6592C3051957532100BA8CB7 = {
						CreatedOnToolsVersion = 6.0;
						TestTargetID = 6592C2FB1957532100BA8CB7;
					};
				};
			};
			buildConfigurationList = 65263A971954BC5000B39269 /* Build configuration list for PBXProject "Observable-Swift" */;
			compatibilityVersion = "Xcode 3.2";
			developmentRegion = English;
			hasScannedForEncodings = 0;
			knownRegions = (
				en,
			);
			mainGroup = 65263A931954BC5000B39269;
			productRefGroup = 65263A9E1954BC5000B39269 /* Products */;
			projectDirPath = "";
			projectRoot = "";
			targets = (
				65263A9C1954BC5000B39269 /* Observable */,
				65263AA71954BC5000B39269 /* Observable Tests */,
				6592C2FB1957532100BA8CB7 /* Observable-iOS */,
				6592C3051957532100BA8CB7 /* Observable-iOS Tests */,
			);
		};
/* End PBXProject section */

/* Begin PBXResourcesBuildPhase section */
		65263A9B1954BC5000B39269 /* Resources */ = {
			isa = PBXResourcesBuildPhase;
			buildActionMask = 2147483647;
			files = (
				1C93C1351AB0F65D0004FCEF /* Observable-Swift.podspec.json in Resources */,
			);
			runOnlyForDeploymentPostprocessing = 0;
		};
		65263AA61954BC5000B39269 /* Resources */ = {
			isa = PBXResourcesBuildPhase;
			buildActionMask = 2147483647;
			files = (
			);
			runOnlyForDeploymentPostprocessing = 0;
		};
		6592C2FA1957532100BA8CB7 /* Resources */ = {
			isa = PBXResourcesBuildPhase;
			buildActionMask = 2147483647;
			files = (
			);
			runOnlyForDeploymentPostprocessing = 0;
		};
		6592C3041957532100BA8CB7 /* Resources */ = {
			isa = PBXResourcesBuildPhase;
			buildActionMask = 2147483647;
			files = (
			);
			runOnlyForDeploymentPostprocessing = 0;
		};
/* End PBXResourcesBuildPhase section */

/* Begin PBXSourcesBuildPhase section */
		65263A981954BC5000B39269 /* Sources */ = {
			isa = PBXSourcesBuildPhase;
			buildActionMask = 2147483647;
			files = (
				65263AC21954EBD600B39269 /* Protocols.swift in Sources */,
				65263AC81955D83200B39269 /* EventSubscription.swift in Sources */,
				65A18B971958D21A008E0B44 /* ObservableChainingProxy.swift in Sources */,
				65A18B951958C180008E0B44 /* EventReference.swift in Sources */,
				65263AC01954BD7400B39269 /* TupleObservable.swift in Sources */,
				65263ABA1954BC9F00B39269 /* Observable.swift in Sources */,
				65263AC41955004A00B39269 /* ObservableReference.swift in Sources */,
				65263AC61955D7AF00B39269 /* Event.swift in Sources */,
				65D5366A195F711E003B5DA5 /* OwningEventReference.swift in Sources */,
				65E6A4341958EB8000FBCFA7 /* ObservableProxy.swift in Sources */,
			);
			runOnlyForDeploymentPostprocessing = 0;
		};
		65263AA41954BC5000B39269 /* Sources */ = {
			isa = PBXSourcesBuildPhase;
			buildActionMask = 2147483647;
			files = (
				65263AB01954BC5000B39269 /* ObservableTests.swift in Sources */,
			);
			runOnlyForDeploymentPostprocessing = 0;
		};
		6592C2F71957532100BA8CB7 /* Sources */ = {
			isa = PBXSourcesBuildPhase;
			buildActionMask = 2147483647;
			files = (
				6592C3281957545C00BA8CB7 /* Observable.swift in Sources */,
				6592C3261957545C00BA8CB7 /* Event.swift in Sources */,
				65A18B981958D21B008E0B44 /* ObservableChainingProxy.swift in Sources */,
				65A18B961958C180008E0B44 /* EventReference.swift in Sources */,
				6592C3271957545C00BA8CB7 /* EventSubscription.swift in Sources */,
				6592C32A1957545C00BA8CB7 /* TupleObservable.swift in Sources */,
				6592C3251957545C00BA8CB7 /* Protocols.swift in Sources */,
				6592C3291957545C00BA8CB7 /* ObservableReference.swift in Sources */,
				65D5366B195F711E003B5DA5 /* OwningEventReference.swift in Sources */,
				65E6A4351958EB8000FBCFA7 /* ObservableProxy.swift in Sources */,
			);
			runOnlyForDeploymentPostprocessing = 0;
		};
		6592C3021957532100BA8CB7 /* Sources */ = {
			isa = PBXSourcesBuildPhase;
			buildActionMask = 2147483647;
			files = (
				6592C3331957565F00BA8CB7 /* ObservableTests.swift in Sources */,
			);
			runOnlyForDeploymentPostprocessing = 0;
		};
/* End PBXSourcesBuildPhase section */

/* Begin PBXTargetDependency section */
		6592C3161957532200BA8CB7 /* PBXTargetDependency */ = {
			isa = PBXTargetDependency;
			target = 6592C2FB1957532100BA8CB7 /* Observable-iOS */;
			targetProxy = 6592C3151957532200BA8CB7 /* PBXContainerItemProxy */;
		};
		6592C3181957532200BA8CB7 /* PBXTargetDependency */ = {
			isa = PBXTargetDependency;
			target = 6592C2FB1957532100BA8CB7 /* Observable-iOS */;
			targetProxy = 6592C3171957532200BA8CB7 /* PBXContainerItemProxy */;
		};
		6592C31A1957532300BA8CB7 /* PBXTargetDependency */ = {
			isa = PBXTargetDependency;
			target = 6592C2FB1957532100BA8CB7 /* Observable-iOS */;
			targetProxy = 6592C3191957532300BA8CB7 /* PBXContainerItemProxy */;
		};
		6592C31C1957532300BA8CB7 /* PBXTargetDependency */ = {
			isa = PBXTargetDependency;
			target = 6592C2FB1957532100BA8CB7 /* Observable-iOS */;
			targetProxy = 6592C31B1957532300BA8CB7 /* PBXContainerItemProxy */;
		};
		6592C320195753CF00BA8CB7 /* PBXTargetDependency */ = {
			isa = PBXTargetDependency;
			target = 6592C2FB1957532100BA8CB7 /* Observable-iOS */;
			targetProxy = 6592C31F195753CF00BA8CB7 /* PBXContainerItemProxy */;
		};
		6592C3221957541900BA8CB7 /* PBXTargetDependency */ = {
			isa = PBXTargetDependency;
			target = 65263A9C1954BC5000B39269 /* Observable */;
			targetProxy = 6592C3211957541900BA8CB7 /* PBXContainerItemProxy */;
		};
		6592C3241957541D00BA8CB7 /* PBXTargetDependency */ = {
			isa = PBXTargetDependency;
			target = 6592C2FB1957532100BA8CB7 /* Observable-iOS */;
			targetProxy = 6592C3231957541D00BA8CB7 /* PBXContainerItemProxy */;
		};
		6592C335195756C200BA8CB7 /* PBXTargetDependency */ = {
			isa = PBXTargetDependency;
			target = 65263A9C1954BC5000B39269 /* Observable */;
			targetProxy = 6592C334195756C200BA8CB7 /* PBXContainerItemProxy */;
		};
		6592C337195756C200BA8CB7 /* PBXTargetDependency */ = {
			isa = PBXTargetDependency;
			target = 65263A9C1954BC5000B39269 /* Observable */;
			targetProxy = 6592C336195756C200BA8CB7 /* PBXContainerItemProxy */;
		};
		65E7DC661957878A00CFB99C /* PBXTargetDependency */ = {
			isa = PBXTargetDependency;
			target = 65263A9C1954BC5000B39269 /* Observable */;
			targetProxy = 65E7DC651957878A00CFB99C /* PBXContainerItemProxy */;
		};
		65E7DC681957878C00CFB99C /* PBXTargetDependency */ = {
			isa = PBXTargetDependency;
			target = 65263A9C1954BC5000B39269 /* Observable */;
			targetProxy = 65E7DC671957878C00CFB99C /* PBXContainerItemProxy */;
		};
		65E7DC6A1957879500CFB99C /* PBXTargetDependency */ = {
			isa = PBXTargetDependency;
			target = 6592C2FB1957532100BA8CB7 /* Observable-iOS */;
			targetProxy = 65E7DC691957879500CFB99C /* PBXContainerItemProxy */;
		};
/* End PBXTargetDependency section */

/* Begin XCBuildConfiguration section */
		65263AB11954BC5000B39269 /* Debug */ = {
			isa = XCBuildConfiguration;
			buildSettings = {
				ALWAYS_SEARCH_USER_PATHS = NO;
				CLANG_CXX_LANGUAGE_STANDARD = "gnu++0x";
				CLANG_CXX_LIBRARY = "libc++";
				CLANG_ENABLE_MODULES = YES;
				CLANG_ENABLE_OBJC_ARC = YES;
				CLANG_WARN_BOOL_CONVERSION = YES;
				CLANG_WARN_CONSTANT_CONVERSION = YES;
				CLANG_WARN_DIRECT_OBJC_ISA_USAGE = YES_ERROR;
				CLANG_WARN_EMPTY_BODY = YES;
				CLANG_WARN_ENUM_CONVERSION = YES;
				CLANG_WARN_INT_CONVERSION = YES;
				CLANG_WARN_OBJC_ROOT_CLASS = YES_ERROR;
				CLANG_WARN_UNREACHABLE_CODE = YES;
				CLANG_WARN__DUPLICATE_METHOD_MATCH = YES;
				COPY_PHASE_STRIP = NO;
				CURRENT_PROJECT_VERSION = 0.1.0;
				DYLIB_COMPATIBILITY_VERSION = 1;
				DYLIB_CURRENT_VERSION = 1;
				ENABLE_STRICT_OBJC_MSGSEND = YES;
				ENABLE_TESTABILITY = YES;
				GCC_C_LANGUAGE_STANDARD = gnu99;
				GCC_DYNAMIC_NO_PIC = NO;
				GCC_OPTIMIZATION_LEVEL = 0;
				GCC_PREPROCESSOR_DEFINITIONS = (
					"DEBUG=1",
					"$(inherited)",
				);
				GCC_SYMBOLS_PRIVATE_EXTERN = NO;
				GCC_WARN_64_TO_32_BIT_CONVERSION = YES;
				GCC_WARN_ABOUT_RETURN_TYPE = YES_ERROR;
				GCC_WARN_UNDECLARED_SELECTOR = YES;
				GCC_WARN_UNINITIALIZED_AUTOS = YES_AGGRESSIVE;
				GCC_WARN_UNUSED_FUNCTION = YES;
				GCC_WARN_UNUSED_VARIABLE = YES;
				IPHONEOS_DEPLOYMENT_TARGET = 8.0;
				MACOSX_DEPLOYMENT_TARGET = 10.9;
				ONLY_ACTIVE_ARCH = YES;
				SWIFT_OPTIMIZATION_LEVEL = "-Onone";
				TARGETED_DEVICE_FAMILY = "1,2";
				VERSIONING_SYSTEM = "apple-generic";
				VERSION_INFO_PREFIX = "";
			};
			name = Debug;
		};
		65263AB21954BC5000B39269 /* Release */ = {
			isa = XCBuildConfiguration;
			buildSettings = {
				ALWAYS_SEARCH_USER_PATHS = NO;
				CLANG_CXX_LANGUAGE_STANDARD = "gnu++0x";
				CLANG_CXX_LIBRARY = "libc++";
				CLANG_ENABLE_MODULES = YES;
				CLANG_ENABLE_OBJC_ARC = YES;
				CLANG_WARN_BOOL_CONVERSION = YES;
				CLANG_WARN_CONSTANT_CONVERSION = YES;
				CLANG_WARN_DIRECT_OBJC_ISA_USAGE = YES_ERROR;
				CLANG_WARN_EMPTY_BODY = YES;
				CLANG_WARN_ENUM_CONVERSION = YES;
				CLANG_WARN_INT_CONVERSION = YES;
				CLANG_WARN_OBJC_ROOT_CLASS = YES_ERROR;
				CLANG_WARN_UNREACHABLE_CODE = YES;
				CLANG_WARN__DUPLICATE_METHOD_MATCH = YES;
				COPY_PHASE_STRIP = YES;
				CURRENT_PROJECT_VERSION = 0.1.0;
				DEBUG_INFORMATION_FORMAT = "dwarf-with-dsym";
				DYLIB_COMPATIBILITY_VERSION = 1;
				DYLIB_CURRENT_VERSION = 1;
				ENABLE_NS_ASSERTIONS = NO;
				ENABLE_STRICT_OBJC_MSGSEND = YES;
				GCC_C_LANGUAGE_STANDARD = gnu99;
				GCC_WARN_64_TO_32_BIT_CONVERSION = YES;
				GCC_WARN_ABOUT_RETURN_TYPE = YES_ERROR;
				GCC_WARN_UNDECLARED_SELECTOR = YES;
				GCC_WARN_UNINITIALIZED_AUTOS = YES_AGGRESSIVE;
				GCC_WARN_UNUSED_FUNCTION = YES;
				GCC_WARN_UNUSED_VARIABLE = YES;
				IPHONEOS_DEPLOYMENT_TARGET = 8.0;
				MACOSX_DEPLOYMENT_TARGET = 10.9;
				TARGETED_DEVICE_FAMILY = "1,2";
				VALIDATE_PRODUCT = YES;
				VERSIONING_SYSTEM = "apple-generic";
				VERSION_INFO_PREFIX = "";
			};
			name = Release;
		};
		65263AB41954BC5000B39269 /* Debug */ = {
			isa = XCBuildConfiguration;
			buildSettings = {
				COMBINE_HIDPI_IMAGES = YES;
				DEFINES_MODULE = YES;
				DYLIB_INSTALL_NAME_BASE = "@rpath";
				INFOPLIST_FILE = "Observable-Swift/Info.plist";
				LD_RUNPATH_SEARCH_PATHS = "$(inherited) @executable_path/../Frameworks @loader_path/../Frameworks";
				PRODUCT_BUNDLE_IDENTIFIER = "com.utdloc.${PRODUCT_NAME:rfc1034identifier}";
				PRODUCT_NAME = Observable;
				SDKROOT = macosx;
			};
			name = Debug;
		};
		65263AB51954BC5000B39269 /* Release */ = {
			isa = XCBuildConfiguration;
			buildSettings = {
				COMBINE_HIDPI_IMAGES = YES;
				DEFINES_MODULE = YES;
				DYLIB_INSTALL_NAME_BASE = "@rpath";
				INFOPLIST_FILE = "Observable-Swift/Info.plist";
				LD_RUNPATH_SEARCH_PATHS = "$(inherited) @executable_path/../Frameworks @loader_path/../Frameworks";
				PRODUCT_BUNDLE_IDENTIFIER = "com.utdloc.${PRODUCT_NAME:rfc1034identifier}";
				PRODUCT_NAME = Observable;
				SDKROOT = macosx;
			};
			name = Release;
		};
		65263AB71954BC5000B39269 /* Debug */ = {
			isa = XCBuildConfiguration;
			buildSettings = {
				COMBINE_HIDPI_IMAGES = YES;
				FRAMEWORK_SEARCH_PATHS = (
					"$(DEVELOPER_FRAMEWORKS_DIR)",
					"$(inherited)",
				);
				INFOPLIST_FILE = "Observable-SwiftTests/Info.plist";
				LD_RUNPATH_SEARCH_PATHS = "$(inherited) @executable_path/../Frameworks @loader_path/../Frameworks";
				PRODUCT_BUNDLE_IDENTIFIER = "com.utdloc.${PRODUCT_NAME:rfc1034identifier}";
				PRODUCT_NAME = "$(TARGET_NAME)";
				SDKROOT = macosx;
			};
			name = Debug;
		};
		65263AB81954BC5000B39269 /* Release */ = {
			isa = XCBuildConfiguration;
			buildSettings = {
				COMBINE_HIDPI_IMAGES = YES;
				FRAMEWORK_SEARCH_PATHS = (
					"$(DEVELOPER_FRAMEWORKS_DIR)",
					"$(inherited)",
				);
				INFOPLIST_FILE = "Observable-SwiftTests/Info.plist";
				LD_RUNPATH_SEARCH_PATHS = "$(inherited) @executable_path/../Frameworks @loader_path/../Frameworks";
				PRODUCT_BUNDLE_IDENTIFIER = "com.utdloc.${PRODUCT_NAME:rfc1034identifier}";
				PRODUCT_NAME = "$(TARGET_NAME)";
				SDKROOT = macosx;
			};
			name = Release;
		};
		6592C30F1957532100BA8CB7 /* Debug */ = {
			isa = XCBuildConfiguration;
			buildSettings = {
				"CODE_SIGN_IDENTITY[sdk=iphoneos*]" = "iPhone Developer";
				DEFINES_MODULE = YES;
				DYLIB_INSTALL_NAME_BASE = "@rpath";
				INFOPLIST_FILE = "Observable-Swift/Info.plist";
				IPHONEOS_DEPLOYMENT_TARGET = 7.0;
				LD_RUNPATH_SEARCH_PATHS = "$(inherited) @executable_path/Frameworks @loader_path/Frameworks";
				PRODUCT_BUNDLE_IDENTIFIER = "com.utdloc.${PRODUCT_NAME:rfc1034identifier}";
				PRODUCT_NAME = Observable;
				SDKROOT = iphoneos;
			};
			name = Debug;
		};
		6592C3101957532100BA8CB7 /* Release */ = {
			isa = XCBuildConfiguration;
			buildSettings = {
				"CODE_SIGN_IDENTITY[sdk=iphoneos*]" = "iPhone Developer";
				DEFINES_MODULE = YES;
				DYLIB_INSTALL_NAME_BASE = "@rpath";
				INFOPLIST_FILE = "Observable-Swift/Info.plist";
				IPHONEOS_DEPLOYMENT_TARGET = 7.0;
				LD_RUNPATH_SEARCH_PATHS = "$(inherited) @executable_path/Frameworks @loader_path/Frameworks";
				PRODUCT_BUNDLE_IDENTIFIER = "com.utdloc.${PRODUCT_NAME:rfc1034identifier}";
				PRODUCT_NAME = Observable;
				SDKROOT = iphoneos;
			};
			name = Release;
		};
		6592C3111957532100BA8CB7 /* Debug */ = {
			isa = XCBuildConfiguration;
			buildSettings = {
				FRAMEWORK_SEARCH_PATHS = (
					"$(SDKROOT)/Developer/Library/Frameworks",
					"$(inherited)",
				);
				INFOPLIST_FILE = "Observable-SwiftTests/Info.plist";
				LD_RUNPATH_SEARCH_PATHS = "$(inherited) @executable_path/Frameworks @loader_path/Frameworks";
				PRODUCT_BUNDLE_IDENTIFIER = "com.utdloc.${PRODUCT_NAME:rfc1034identifier}";
				PRODUCT_NAME = "$(TARGET_NAME)";
				SDKROOT = iphoneos;
			};
			name = Debug;
		};
		6592C3121957532100BA8CB7 /* Release */ = {
			isa = XCBuildConfiguration;
			buildSettings = {
				FRAMEWORK_SEARCH_PATHS = (
					"$(SDKROOT)/Developer/Library/Frameworks",
					"$(inherited)",
				);
				INFOPLIST_FILE = "Observable-SwiftTests/Info.plist";
				LD_RUNPATH_SEARCH_PATHS = "$(inherited) @executable_path/Frameworks @loader_path/Frameworks";
				PRODUCT_BUNDLE_IDENTIFIER = "com.utdloc.${PRODUCT_NAME:rfc1034identifier}";
				PRODUCT_NAME = "$(TARGET_NAME)";
				SDKROOT = iphoneos;
			};
			name = Release;
		};
/* End XCBuildConfiguration section */

/* Begin XCConfigurationList section */
		65263A971954BC5000B39269 /* Build configuration list for PBXProject "Observable-Swift" */ = {
			isa = XCConfigurationList;
			buildConfigurations = (
				65263AB11954BC5000B39269 /* Debug */,
				65263AB21954BC5000B39269 /* Release */,
			);
			defaultConfigurationIsVisible = 0;
			defaultConfigurationName = Release;
		};
		65263AB31954BC5000B39269 /* Build configuration list for PBXNativeTarget "Observable" */ = {
			isa = XCConfigurationList;
			buildConfigurations = (
				65263AB41954BC5000B39269 /* Debug */,
				65263AB51954BC5000B39269 /* Release */,
			);
			defaultConfigurationIsVisible = 0;
			defaultConfigurationName = Release;
		};
		65263AB61954BC5000B39269 /* Build configuration list for PBXNativeTarget "Observable Tests" */ = {
			isa = XCConfigurationList;
			buildConfigurations = (
				65263AB71954BC5000B39269 /* Debug */,
				65263AB81954BC5000B39269 /* Release */,
			);
			defaultConfigurationIsVisible = 0;
			defaultConfigurationName = Release;
		};
		6592C3131957532100BA8CB7 /* Build configuration list for PBXNativeTarget "Observable-iOS" */ = {
			isa = XCConfigurationList;
			buildConfigurations = (
				6592C30F1957532100BA8CB7 /* Debug */,
				6592C3101957532100BA8CB7 /* Release */,
			);
			defaultConfigurationIsVisible = 0;
			defaultConfigurationName = Release;
		};
		6592C3141957532100BA8CB7 /* Build configuration list for PBXNativeTarget "Observable-iOS Tests" */ = {
			isa = XCConfigurationList;
			buildConfigurations = (
				6592C3111957532100BA8CB7 /* Debug */,
				6592C3121957532100BA8CB7 /* Release */,
			);
			defaultConfigurationIsVisible = 0;
			defaultConfigurationName = Release;
		};
/* End XCConfigurationList section */
	};
	rootObject = 65263A941954BC5000B39269 /* Project object */;
}
